// !$*UTF8*$!
{
	archiveVersion = 1;
	classes = {
	};
	objectVersion = 51;
	objects = {

/* Begin PBXBuildFile section */
		83511F6323A2F47000FDE877 /* AppDelegate.swift in Sources */ = {isa = PBXBuildFile; fileRef = 83511F6223A2F47000FDE877 /* AppDelegate.swift */; };
		83511F6523A2F47000FDE877 /* SceneDelegate.swift in Sources */ = {isa = PBXBuildFile; fileRef = 83511F6423A2F47000FDE877 /* SceneDelegate.swift */; };
		83511F6723A2F47000FDE877 /* ViewController.swift in Sources */ = {isa = PBXBuildFile; fileRef = 83511F6623A2F47000FDE877 /* ViewController.swift */; };
		83511F6A23A2F47000FDE877 /* Main.storyboard in Resources */ = {isa = PBXBuildFile; fileRef = 83511F6823A2F47000FDE877 /* Main.storyboard */; };
		83511F6C23A2F47300FDE877 /* Assets.xcassets in Resources */ = {isa = PBXBuildFile; fileRef = 83511F6B23A2F47300FDE877 /* Assets.xcassets */; };
		83511F6F23A2F47300FDE877 /* LaunchScreen.storyboard in Resources */ = {isa = PBXBuildFile; fileRef = 83511F6D23A2F47300FDE877 /* LaunchScreen.storyboard */; };
		83511F7723A3162D00FDE877 /* KNN.swift in Sources */ = {isa = PBXBuildFile; fileRef = 83511F7623A3162D00FDE877 /* KNN.swift */; };
		83511F7923A3261500FDE877 /* Beacon.swift in Sources */ = {isa = PBXBuildFile; fileRef = 83511F7823A3261500FDE877 /* Beacon.swift */; };
		83511F7B23A326ED00FDE877 /* BLEScanner.swift in Sources */ = {isa = PBXBuildFile; fileRef = 83511F7A23A326ED00FDE877 /* BLEScanner.swift */; };
		83511F7D23A3561400FDE877 /* Circle.swift in Sources */ = {isa = PBXBuildFile; fileRef = 83511F7C23A3561400FDE877 /* Circle.swift */; };
		83511F7F23A3639600FDE877 /* knn.txt in Resources */ = {isa = PBXBuildFile; fileRef = 83511F7E23A3639600FDE877 /* knn.txt */; };
		9073615E297E8609FD9FA8D8 /* Pods_NavCogKNN.framework in Frameworks */ = {isa = PBXBuildFile; fileRef = 1500196200691BB8FC23155F /* Pods_NavCogKNN.framework */; };
/* End PBXBuildFile section */

/* Begin PBXFileReference section */
		1500196200691BB8FC23155F /* Pods_NavCogKNN.framework */ = {isa = PBXFileReference; explicitFileType = wrapper.framework; includeInIndex = 0; path = Pods_NavCogKNN.framework; sourceTree = BUILT_PRODUCTS_DIR; };
		2B313DD99C9E908F37C5CDA5 /* Pods-NavCogKNN.debug.xcconfig */ = {isa = PBXFileReference; includeInIndex = 1; lastKnownFileType = text.xcconfig; name = "Pods-NavCogKNN.debug.xcconfig"; path = "Target Support Files/Pods-NavCogKNN/Pods-NavCogKNN.debug.xcconfig"; sourceTree = "<group>"; };
		83511F5F23A2F47000FDE877 /* NavCogKNN.app */ = {isa = PBXFileReference; explicitFileType = wrapper.application; includeInIndex = 0; path = NavCogKNN.app; sourceTree = BUILT_PRODUCTS_DIR; };
		83511F6223A2F47000FDE877 /* AppDelegate.swift */ = {isa = PBXFileReference; lastKnownFileType = sourcecode.swift; path = AppDelegate.swift; sourceTree = "<group>"; };
		83511F6423A2F47000FDE877 /* SceneDelegate.swift */ = {isa = PBXFileReference; lastKnownFileType = sourcecode.swift; path = SceneDelegate.swift; sourceTree = "<group>"; };
		83511F6623A2F47000FDE877 /* ViewController.swift */ = {isa = PBXFileReference; lastKnownFileType = sourcecode.swift; path = ViewController.swift; sourceTree = "<group>"; };
		83511F6923A2F47000FDE877 /* Base */ = {isa = PBXFileReference; lastKnownFileType = file.storyboard; name = Base; path = Base.lproj/Main.storyboard; sourceTree = "<group>"; };
		83511F6B23A2F47300FDE877 /* Assets.xcassets */ = {isa = PBXFileReference; lastKnownFileType = folder.assetcatalog; path = Assets.xcassets; sourceTree = "<group>"; };
		83511F6E23A2F47300FDE877 /* Base */ = {isa = PBXFileReference; lastKnownFileType = file.storyboard; name = Base; path = Base.lproj/LaunchScreen.storyboard; sourceTree = "<group>"; };
		83511F7023A2F47300FDE877 /* Info.plist */ = {isa = PBXFileReference; lastKnownFileType = text.plist.xml; path = Info.plist; sourceTree = "<group>"; };
		83511F7623A3162D00FDE877 /* KNN.swift */ = {isa = PBXFileReference; lastKnownFileType = sourcecode.swift; path = KNN.swift; sourceTree = "<group>"; };
		83511F7823A3261500FDE877 /* Beacon.swift */ = {isa = PBXFileReference; lastKnownFileType = sourcecode.swift; path = Beacon.swift; sourceTree = "<group>"; };
		83511F7A23A326ED00FDE877 /* BLEScanner.swift */ = {isa = PBXFileReference; lastKnownFileType = sourcecode.swift; path = BLEScanner.swift; sourceTree = "<group>"; };
		83511F7C23A3561400FDE877 /* Circle.swift */ = {isa = PBXFileReference; lastKnownFileType = sourcecode.swift; path = Circle.swift; sourceTree = "<group>"; };
		83511F7E23A3639600FDE877 /* knn.txt */ = {isa = PBXFileReference; fileEncoding = 4; lastKnownFileType = text; path = knn.txt; sourceTree = "<group>"; };
		F727F64B0D13C44ADA7BB8C6 /* Pods-NavCogKNN.release.xcconfig */ = {isa = PBXFileReference; includeInIndex = 1; lastKnownFileType = text.xcconfig; name = "Pods-NavCogKNN.release.xcconfig"; path = "Target Support Files/Pods-NavCogKNN/Pods-NavCogKNN.release.xcconfig"; sourceTree = "<group>"; };
/* End PBXFileReference section */

/* Begin PBXFrameworksBuildPhase section */
		83511F5C23A2F47000FDE877 /* Frameworks */ = {
			isa = PBXFrameworksBuildPhase;
			buildActionMask = 2147483647;
			files = (
				9073615E297E8609FD9FA8D8 /* Pods_NavCogKNN.framework in Frameworks */,
			);
			runOnlyForDeploymentPostprocessing = 0;
		};
/* End PBXFrameworksBuildPhase section */

/* Begin PBXGroup section */
		41D2DF7F392C331E60BCEA3D /* Pods */ = {
			isa = PBXGroup;
			children = (
				2B313DD99C9E908F37C5CDA5 /* Pods-NavCogKNN.debug.xcconfig */,
				F727F64B0D13C44ADA7BB8C6 /* Pods-NavCogKNN.release.xcconfig */,
			);
			path = Pods;
			sourceTree = "<group>";
		};
		83511F5623A2F47000FDE877 = {
			isa = PBXGroup;
			children = (
				83511F6123A2F47000FDE877 /* NavCogKNN */,
				83511F6023A2F47000FDE877 /* Products */,
				41D2DF7F392C331E60BCEA3D /* Pods */,
				AFB9AFF67C988F8DC3736A74 /* Frameworks */,
			);
			sourceTree = "<group>";
		};
		83511F6023A2F47000FDE877 /* Products */ = {
			isa = PBXGroup;
			children = (
				83511F5F23A2F47000FDE877 /* NavCogKNN.app */,
			);
			name = Products;
			sourceTree = "<group>";
		};
		83511F6123A2F47000FDE877 /* NavCogKNN */ = {
			isa = PBXGroup;
			children = (
				83511F6223A2F47000FDE877 /* AppDelegate.swift */,
				83511F6423A2F47000FDE877 /* SceneDelegate.swift */,
				83511F6623A2F47000FDE877 /* ViewController.swift */,
				83511F6823A2F47000FDE877 /* Main.storyboard */,
				83511F6B23A2F47300FDE877 /* Assets.xcassets */,
				83511F6D23A2F47300FDE877 /* LaunchScreen.storyboard */,
				83511F7023A2F47300FDE877 /* Info.plist */,
				83511F7623A3162D00FDE877 /* KNN.swift */,
				83511F7823A3261500FDE877 /* Beacon.swift */,
				83511F7A23A326ED00FDE877 /* BLEScanner.swift */,
				83511F7C23A3561400FDE877 /* Circle.swift */,
				83511F7E23A3639600FDE877 /* knn.txt */,
			);
			path = NavCogKNN;
			sourceTree = "<group>";
		};
		AFB9AFF67C988F8DC3736A74 /* Frameworks */ = {
			isa = PBXGroup;
			children = (
				1500196200691BB8FC23155F /* Pods_NavCogKNN.framework */,
			);
			name = Frameworks;
			sourceTree = "<group>";
		};
/* End PBXGroup section */

/* Begin PBXNativeTarget section */
		83511F5E23A2F47000FDE877 /* NavCogKNN */ = {
			isa = PBXNativeTarget;
			buildConfigurationList = 83511F7323A2F47300FDE877 /* Build configuration list for PBXNativeTarget "NavCogKNN" */;
			buildPhases = (
				98757A55DE630E4FA98FA35F /* [CP] Check Pods Manifest.lock */,
				83511F5B23A2F47000FDE877 /* Sources */,
				83511F5C23A2F47000FDE877 /* Frameworks */,
				83511F5D23A2F47000FDE877 /* Resources */,
				C424E228285944EAD1DD3037 /* [CP] Embed Pods Frameworks */,
			);
			buildRules = (
			);
			dependencies = (
			);
			name = NavCogKNN;
			productName = NavCogKNN;
			productReference = 83511F5F23A2F47000FDE877 /* NavCogKNN.app */;
			productType = "com.apple.product-type.application";
		};
/* End PBXNativeTarget section */

/* Begin PBXProject section */
		83511F5723A2F47000FDE877 /* Project object */ = {
			isa = PBXProject;
			attributes = {
				LastSwiftUpdateCheck = 1130;
				LastUpgradeCheck = 1130;
				ORGANIZATIONNAME = "Vivek Roy";
				TargetAttributes = {
					83511F5E23A2F47000FDE877 = {
						CreatedOnToolsVersion = 11.3;
					};
				};
			};
			buildConfigurationList = 83511F5A23A2F47000FDE877 /* Build configuration list for PBXProject "NavCogKNN" */;
			compatibilityVersion = "Xcode 9.3";
			developmentRegion = en;
			hasScannedForEncodings = 0;
			knownRegions = (
				en,
				Base,
			);
			mainGroup = 83511F5623A2F47000FDE877;
			productRefGroup = 83511F6023A2F47000FDE877 /* Products */;
			projectDirPath = "";
			projectRoot = "";
			targets = (
				83511F5E23A2F47000FDE877 /* NavCogKNN */,
			);
		};
/* End PBXProject section */

/* Begin PBXResourcesBuildPhase section */
		83511F5D23A2F47000FDE877 /* Resources */ = {
			isa = PBXResourcesBuildPhase;
			buildActionMask = 2147483647;
			files = (
				83511F7F23A3639600FDE877 /* knn.txt in Resources */,
				83511F6F23A2F47300FDE877 /* LaunchScreen.storyboard in Resources */,
				83511F6C23A2F47300FDE877 /* Assets.xcassets in Resources */,
				83511F6A23A2F47000FDE877 /* Main.storyboard in Resources */,
			);
			runOnlyForDeploymentPostprocessing = 0;
		};
/* End PBXResourcesBuildPhase section */

/* Begin PBXShellScriptBuildPhase section */
		98757A55DE630E4FA98FA35F /* [CP] Check Pods Manifest.lock */ = {
			isa = PBXShellScriptBuildPhase;
			buildActionMask = 2147483647;
			files = (
			);
			inputFileListPaths = (
			);
			inputPaths = (
				"${PODS_PODFILE_DIR_PATH}/Podfile.lock",
				"${PODS_ROOT}/Manifest.lock",
			);
			name = "[CP] Check Pods Manifest.lock";
			outputFileListPaths = (
			);
			outputPaths = (
				"$(DERIVED_FILE_DIR)/Pods-NavCogKNN-checkManifestLockResult.txt",
			);
			runOnlyForDeploymentPostprocessing = 0;
			shellPath = /bin/sh;
			shellScript = "diff \"${PODS_PODFILE_DIR_PATH}/Podfile.lock\" \"${PODS_ROOT}/Manifest.lock\" > /dev/null\nif [ $? != 0 ] ; then\n    # print error to STDERR\n    echo \"error: The sandbox is not in sync with the Podfile.lock. Run 'pod install' or update your CocoaPods installation.\" >&2\n    exit 1\nfi\n# This output is used by Xcode 'outputs' to avoid re-running this script phase.\necho \"SUCCESS\" > \"${SCRIPT_OUTPUT_FILE_0}\"\n";
			showEnvVarsInLog = 0;
		};
		C424E228285944EAD1DD3037 /* [CP] Embed Pods Frameworks */ = {
			isa = PBXShellScriptBuildPhase;
			buildActionMask = 2147483647;
			files = (
			);
			inputFileListPaths = (
				"${PODS_ROOT}/Target Support Files/Pods-NavCogKNN/Pods-NavCogKNN-frameworks-${CONFIGURATION}-input-files.xcfilelist",
			);
			name = "[CP] Embed Pods Frameworks";
			outputFileListPaths = (
				"${PODS_ROOT}/Target Support Files/Pods-NavCogKNN/Pods-NavCogKNN-frameworks-${CONFIGURATION}-output-files.xcfilelist",
			);
			runOnlyForDeploymentPostprocessing = 0;
			shellPath = /bin/sh;
			shellScript = "\"${PODS_ROOT}/Target Support Files/Pods-NavCogKNN/Pods-NavCogKNN-frameworks.sh\"\n";
			showEnvVarsInLog = 0;
		};
/* End PBXShellScriptBuildPhase section */

/* Begin PBXSourcesBuildPhase section */
		83511F5B23A2F47000FDE877 /* Sources */ = {
			isa = PBXSourcesBuildPhase;
			buildActionMask = 2147483647;
			files = (
				83511F7D23A3561400FDE877 /* Circle.swift in Sources */,
				83511F7B23A326ED00FDE877 /* BLEScanner.swift in Sources */,
				83511F6723A2F47000FDE877 /* ViewController.swift in Sources */,
				83511F6323A2F47000FDE877 /* AppDelegate.swift in Sources */,
				83511F7923A3261500FDE877 /* Beacon.swift in Sources */,
				83511F6523A2F47000FDE877 /* SceneDelegate.swift in Sources */,
				83511F7723A3162D00FDE877 /* KNN.swift in Sources */,
			);
			runOnlyForDeploymentPostprocessing = 0;
		};
/* End PBXSourcesBuildPhase section */

/* Begin PBXVariantGroup section */
		83511F6823A2F47000FDE877 /* Main.storyboard */ = {
			isa = PBXVariantGroup;
			children = (
				83511F6923A2F47000FDE877 /* Base */,
			);
			name = Main.storyboard;
			sourceTree = "<group>";
		};
		83511F6D23A2F47300FDE877 /* LaunchScreen.storyboard */ = {
			isa = PBXVariantGroup;
			children = (
				83511F6E23A2F47300FDE877 /* Base */,
			);
			name = LaunchScreen.storyboard;
			sourceTree = "<group>";
		};
/* End PBXVariantGroup section */

/* Begin XCBuildConfiguration section */
		83511F7123A2F47300FDE877 /* Debug */ = {
			isa = XCBuildConfiguration;
			buildSettings = {
				ALWAYS_SEARCH_USER_PATHS = NO;
				CLANG_ANALYZER_NONNULL = YES;
				CLANG_ANALYZER_NUMBER_OBJECT_CONVERSION = YES_AGGRESSIVE;
				CLANG_CXX_LANGUAGE_STANDARD = "gnu++14";
				CLANG_CXX_LIBRARY = "libc++";
				CLANG_ENABLE_MODULES = YES;
				CLANG_ENABLE_OBJC_ARC = YES;
				CLANG_ENABLE_OBJC_WEAK = YES;
				CLANG_WARN_BLOCK_CAPTURE_AUTORELEASING = YES;
				CLANG_WARN_BOOL_CONVERSION = YES;
				CLANG_WARN_COMMA = YES;
				CLANG_WARN_CONSTANT_CONVERSION = YES;
				CLANG_WARN_DEPRECATED_OBJC_IMPLEMENTATIONS = YES;
				CLANG_WARN_DIRECT_OBJC_ISA_USAGE = YES_ERROR;
				CLANG_WARN_DOCUMENTATION_COMMENTS = YES;
				CLANG_WARN_EMPTY_BODY = YES;
				CLANG_WARN_ENUM_CONVERSION = YES;
				CLANG_WARN_INFINITE_RECURSION = YES;
				CLANG_WARN_INT_CONVERSION = YES;
				CLANG_WARN_NON_LITERAL_NULL_CONVERSION = YES;
				CLANG_WARN_OBJC_IMPLICIT_RETAIN_SELF = YES;
				CLANG_WARN_OBJC_LITERAL_CONVERSION = YES;
				CLANG_WARN_OBJC_ROOT_CLASS = YES_ERROR;
				CLANG_WARN_RANGE_LOOP_ANALYSIS = YES;
				CLANG_WARN_STRICT_PROTOTYPES = YES;
				CLANG_WARN_SUSPICIOUS_MOVE = YES;
				CLANG_WARN_UNGUARDED_AVAILABILITY = YES_AGGRESSIVE;
				CLANG_WARN_UNREACHABLE_CODE = YES;
				CLANG_WARN__DUPLICATE_METHOD_MATCH = YES;
				COPY_PHASE_STRIP = NO;
				DEBUG_INFORMATION_FORMAT = dwarf;
				ENABLE_STRICT_OBJC_MSGSEND = YES;
				ENABLE_TESTABILITY = YES;
				GCC_C_LANGUAGE_STANDARD = gnu11;
				GCC_DYNAMIC_NO_PIC = NO;
				GCC_NO_COMMON_BLOCKS = YES;
				GCC_OPTIMIZATION_LEVEL = 0;
				GCC_PREPROCESSOR_DEFINITIONS = (
					"DEBUG=1",
					"$(inherited)",
				);
				GCC_WARN_64_TO_32_BIT_CONVERSION = YES;
				GCC_WARN_ABOUT_RETURN_TYPE = YES_ERROR;
				GCC_WARN_UNDECLARED_SELECTOR = YES;
				GCC_WARN_UNINITIALIZED_AUTOS = YES_AGGRESSIVE;
				GCC_WARN_UNUSED_FUNCTION = YES;
				GCC_WARN_UNUSED_VARIABLE = YES;
				IPHONEOS_DEPLOYMENT_TARGET = 13.2;
				MTL_ENABLE_DEBUG_INFO = INCLUDE_SOURCE;
				MTL_FAST_MATH = YES;
				ONLY_ACTIVE_ARCH = YES;
				SDKROOT = iphoneos;
				SWIFT_ACTIVE_COMPILATION_CONDITIONS = DEBUG;
				SWIFT_OPTIMIZATION_LEVEL = "-Onone";
			};
			name = Debug;
		};
		83511F7223A2F47300FDE877 /* Release */ = {
			isa = XCBuildConfiguration;
			buildSettings = {
				ALWAYS_SEARCH_USER_PATHS = NO;
				CLANG_ANALYZER_NONNULL = YES;
				CLANG_ANALYZER_NUMBER_OBJECT_CONVERSION = YES_AGGRESSIVE;
				CLANG_CXX_LANGUAGE_STANDARD = "gnu++14";
				CLANG_CXX_LIBRARY = "libc++";
				CLANG_ENABLE_MODULES = YES;
				CLANG_ENABLE_OBJC_ARC = YES;
				CLANG_ENABLE_OBJC_WEAK = YES;
				CLANG_WARN_BLOCK_CAPTURE_AUTORELEASING = YES;
				CLANG_WARN_BOOL_CONVERSION = YES;
				CLANG_WARN_COMMA = YES;
				CLANG_WARN_CONSTANT_CONVERSION = YES;
				CLANG_WARN_DEPRECATED_OBJC_IMPLEMENTATIONS = YES;
				CLANG_WARN_DIRECT_OBJC_ISA_USAGE = YES_ERROR;
				CLANG_WARN_DOCUMENTATION_COMMENTS = YES;
				CLANG_WARN_EMPTY_BODY = YES;
				CLANG_WARN_ENUM_CONVERSION = YES;
				CLANG_WARN_INFINITE_RECURSION = YES;
				CLANG_WARN_INT_CONVERSION = YES;
				CLANG_WARN_NON_LITERAL_NULL_CONVERSION = YES;
				CLANG_WARN_OBJC_IMPLICIT_RETAIN_SELF = YES;
				CLANG_WARN_OBJC_LITERAL_CONVERSION = YES;
				CLANG_WARN_OBJC_ROOT_CLASS = YES_ERROR;
				CLANG_WARN_RANGE_LOOP_ANALYSIS = YES;
				CLANG_WARN_STRICT_PROTOTYPES = YES;
				CLANG_WARN_SUSPICIOUS_MOVE = YES;
				CLANG_WARN_UNGUARDED_AVAILABILITY = YES_AGGRESSIVE;
				CLANG_WARN_UNREACHABLE_CODE = YES;
				CLANG_WARN__DUPLICATE_METHOD_MATCH = YES;
				COPY_PHASE_STRIP = NO;
				DEBUG_INFORMATION_FORMAT = "dwarf-with-dsym";
				ENABLE_NS_ASSERTIONS = NO;
				ENABLE_STRICT_OBJC_MSGSEND = YES;
				GCC_C_LANGUAGE_STANDARD = gnu11;
				GCC_NO_COMMON_BLOCKS = YES;
				GCC_WARN_64_TO_32_BIT_CONVERSION = YES;
				GCC_WARN_ABOUT_RETURN_TYPE = YES_ERROR;
				GCC_WARN_UNDECLARED_SELECTOR = YES;
				GCC_WARN_UNINITIALIZED_AUTOS = YES_AGGRESSIVE;
				GCC_WARN_UNUSED_FUNCTION = YES;
				GCC_WARN_UNUSED_VARIABLE = YES;
				IPHONEOS_DEPLOYMENT_TARGET = 13.2;
				MTL_ENABLE_DEBUG_INFO = NO;
				MTL_FAST_MATH = YES;
				SDKROOT = iphoneos;
				SWIFT_COMPILATION_MODE = wholemodule;
				SWIFT_OPTIMIZATION_LEVEL = "-O";
				VALIDATE_PRODUCT = YES;
			};
			name = Release;
		};
		83511F7423A2F47300FDE877 /* Debug */ = {
			isa = XCBuildConfiguration;
			baseConfigurationReference = 2B313DD99C9E908F37C5CDA5 /* Pods-NavCogKNN.debug.xcconfig */;
			buildSettings = {
				ASSETCATALOG_COMPILER_APPICON_NAME = AppIcon;
				CODE_SIGN_STYLE = Automatic;
				DEVELOPMENT_TEAM = 62HJZYJ9K4;
				INFOPLIST_FILE = NavCogKNN/Info.plist;
				LD_RUNPATH_SEARCH_PATHS = (
					"$(inherited)",
					"@executable_path/Frameworks",
				);
				PRODUCT_BUNDLE_IDENTIFIER = com.vivekroy.NavCogKNN;
				PRODUCT_NAME = "$(TARGET_NAME)";
				SWIFT_VERSION = 5.0;
				TARGETED_DEVICE_FAMILY = "1,2";
			};
			name = Debug;
		};
		83511F7523A2F47300FDE877 /* Release */ = {
			isa = XCBuildConfiguration;
			baseConfigurationReference = F727F64B0D13C44ADA7BB8C6 /* Pods-NavCogKNN.release.xcconfig */;
			buildSettings = {
				ASSETCATALOG_COMPILER_APPICON_NAME = AppIcon;
				CODE_SIGN_STYLE = Automatic;
				DEVELOPMENT_TEAM = 62HJZYJ9K4;
				INFOPLIST_FILE = NavCogKNN/Info.plist;
				LD_RUNPATH_SEARCH_PATHS = (
					"$(inherited)",
					"@executable_path/Frameworks",
				);
				PRODUCT_BUNDLE_IDENTIFIER = com.vivekroy.NavCogKNN;
				PRODUCT_NAME = "$(TARGET_NAME)";
				SWIFT_VERSION = 5.0;
				TARGETED_DEVICE_FAMILY = "1,2";
			};
			name = Release;
		};
/* End XCBuildConfiguration section */

/* Begin XCConfigurationList section */
		83511F5A23A2F47000FDE877 /* Build configuration list for PBXProject "NavCogKNN" */ = {
			isa = XCConfigurationList;
			buildConfigurations = (
				83511F7123A2F47300FDE877 /* Debug */,
				83511F7223A2F47300FDE877 /* Release */,
			);
			defaultConfigurationIsVisible = 0;
			defaultConfigurationName = Release;
		};
		83511F7323A2F47300FDE877 /* Build configuration list for PBXNativeTarget "NavCogKNN" */ = {
			isa = XCConfigurationList;
			buildConfigurations = (
				83511F7423A2F47300FDE877 /* Debug */,
				83511F7523A2F47300FDE877 /* Release */,
			);
			defaultConfigurationIsVisible = 0;
			defaultConfigurationName = Release;
		};
/* End XCConfigurationList section */
	};
	rootObject = 83511F5723A2F47000FDE877 /* Project object */;
}
